// !$*UTF8*$!
{
	archiveVersion = 1;
	classes = {
	};
	objectVersion = 56;
	objects = {

/* Begin PBXBuildFile section */
		8F4E6FCC29BABC250097ABD4 /* MomentsViewController.swift in Sources */ = {isa = PBXBuildFile; fileRef = 8F4E6FCB29BABC250097ABD4 /* MomentsViewController.swift */; };
		8F4E6FCE29BABC510097ABD4 /* SideEyesViewController.swift in Sources */ = {isa = PBXBuildFile; fileRef = 8F4E6FCD29BABC510097ABD4 /* SideEyesViewController.swift */; };
		8F4E6FD029BABC9F0097ABD4 /* BeyondViewController.swift in Sources */ = {isa = PBXBuildFile; fileRef = 8F4E6FCF29BABC9F0097ABD4 /* BeyondViewController.swift */; };
		8F4E6FD229BAE2F50097ABD4 /* [ONTIVA.COM] Travis Kelce GOES OFF on the Cincinnati Mayor after win vs. Bengals-720p.mp4 in Resources */ = {isa = PBXBuildFile; fileRef = 8F4E6FD129BAE2F40097ABD4 /* [ONTIVA.COM] Travis Kelce GOES OFF on the Cincinnati Mayor after win vs. Bengals-720p.mp4 */; };
		8F685A5329BAA594005A3245 /* AppDelegate.swift in Sources */ = {isa = PBXBuildFile; fileRef = 8F685A5229BAA594005A3245 /* AppDelegate.swift */; };
		8F685A5529BAA594005A3245 /* SceneDelegate.swift in Sources */ = {isa = PBXBuildFile; fileRef = 8F685A5429BAA594005A3245 /* SceneDelegate.swift */; };
		8F685A5729BAA594005A3245 /* ViewController.swift in Sources */ = {isa = PBXBuildFile; fileRef = 8F685A5629BAA594005A3245 /* ViewController.swift */; };
		8F685A5A29BAA594005A3245 /* Main.storyboard in Resources */ = {isa = PBXBuildFile; fileRef = 8F685A5829BAA594005A3245 /* Main.storyboard */; };
		8F685A5C29BAA595005A3245 /* Assets.xcassets in Resources */ = {isa = PBXBuildFile; fileRef = 8F685A5B29BAA595005A3245 /* Assets.xcassets */; };
		8F685A5F29BAA595005A3245 /* LaunchScreen.storyboard in Resources */ = {isa = PBXBuildFile; fileRef = 8F685A5D29BAA595005A3245 /* LaunchScreen.storyboard */; };
/* End PBXBuildFile section */

/* Begin PBXFileReference section */
		8F4E6FCB29BABC250097ABD4 /* MomentsViewController.swift */ = {isa = PBXFileReference; lastKnownFileType = sourcecode.swift; path = MomentsViewController.swift; sourceTree = "<group>"; };
		8F4E6FCD29BABC510097ABD4 /* SideEyesViewController.swift */ = {isa = PBXFileReference; lastKnownFileType = sourcecode.swift; path = SideEyesViewController.swift; sourceTree = "<group>"; };
		8F4E6FCF29BABC9F0097ABD4 /* BeyondViewController.swift */ = {isa = PBXFileReference; lastKnownFileType = sourcecode.swift; path = BeyondViewController.swift; sourceTree = "<group>"; };
		8F4E6FD129BAE2F40097ABD4 /* [ONTIVA.COM] Travis Kelce GOES OFF on the Cincinnati Mayor after win vs. Bengals-720p.mp4 */ = {isa = PBXFileReference; lastKnownFileType = file; path = "[ONTIVA.COM] Travis Kelce GOES OFF on the Cincinnati Mayor after win vs. Bengals-720p.mp4"; sourceTree = "<group>"; };
		8F685A4F29BAA593005A3245 /* NFL_Beyond.app */ = {isa = PBXFileReference; explicitFileType = wrapper.application; includeInIndex = 0; path = NFL_Beyond.app; sourceTree = BUILT_PRODUCTS_DIR; };
		8F685A5229BAA594005A3245 /* AppDelegate.swift */ = {isa = PBXFileReference; lastKnownFileType = sourcecode.swift; path = AppDelegate.swift; sourceTree = "<group>"; };
		8F685A5429BAA594005A3245 /* SceneDelegate.swift */ = {isa = PBXFileReference; lastKnownFileType = sourcecode.swift; path = SceneDelegate.swift; sourceTree = "<group>"; };
		8F685A5629BAA594005A3245 /* ViewController.swift */ = {isa = PBXFileReference; lastKnownFileType = sourcecode.swift; path = ViewController.swift; sourceTree = "<group>"; };
		8F685A5929BAA594005A3245 /* Base */ = {isa = PBXFileReference; lastKnownFileType = file.storyboard; name = Base; path = Base.lproj/Main.storyboard; sourceTree = "<group>"; };
		8F685A5B29BAA595005A3245 /* Assets.xcassets */ = {isa = PBXFileReference; lastKnownFileType = folder.assetcatalog; path = Assets.xcassets; sourceTree = "<group>"; };
		8F685A5E29BAA595005A3245 /* Base */ = {isa = PBXFileReference; lastKnownFileType = file.storyboard; name = Base; path = Base.lproj/LaunchScreen.storyboard; sourceTree = "<group>"; };
		8F685A6029BAA595005A3245 /* Info.plist */ = {isa = PBXFileReference; lastKnownFileType = text.plist.xml; path = Info.plist; sourceTree = "<group>"; };
/* End PBXFileReference section */

/* Begin PBXFrameworksBuildPhase section */
		8F685A4C29BAA593005A3245 /* Frameworks */ = {
			isa = PBXFrameworksBuildPhase;
			buildActionMask = 2147483647;
			files = (
			);
			runOnlyForDeploymentPostprocessing = 0;
		};
/* End PBXFrameworksBuildPhase section */

/* Begin PBXGroup section */
		8F685A4629BAA593005A3245 = {
			isa = PBXGroup;
			children = (
				8F685A5129BAA593005A3245 /* NFL_Beyond */,
				8F685A5029BAA593005A3245 /* Products */,
			);
			sourceTree = "<group>";
		};
		8F685A5029BAA593005A3245 /* Products */ = {
			isa = PBXGroup;
			children = (
				8F685A4F29BAA593005A3245 /* NFL_Beyond.app */,
			);
			name = Products;
			sourceTree = "<group>";
		};
		8F685A5129BAA593005A3245 /* NFL_Beyond */ = {
			isa = PBXGroup;
			children = (
				8F4E6FD129BAE2F40097ABD4 /* [ONTIVA.COM] Travis Kelce GOES OFF on the Cincinnati Mayor after win vs. Bengals-720p.mp4 */,
				8F685A5229BAA594005A3245 /* AppDelegate.swift */,
				8F685A5429BAA594005A3245 /* SceneDelegate.swift */,
				8F685A5629BAA594005A3245 /* ViewController.swift */,
				8F4E6FCF29BABC9F0097ABD4 /* BeyondViewController.swift */,
				8F4E6FCB29BABC250097ABD4 /* MomentsViewController.swift */,
				8F4E6FCD29BABC510097ABD4 /* SideEyesViewController.swift */,
				8F685A5829BAA594005A3245 /* Main.storyboard */,
				8F685A5B29BAA595005A3245 /* Assets.xcassets */,
				8F685A5D29BAA595005A3245 /* LaunchScreen.storyboard */,
				8F685A6029BAA595005A3245 /* Info.plist */,
			);
			path = NFL_Beyond;
			sourceTree = "<group>";
		};
/* End PBXGroup section */

/* Begin PBXNativeTarget section */
		8F685A4E29BAA593005A3245 /* NFL_Beyond */ = {
			isa = PBXNativeTarget;
			buildConfigurationList = 8F685A6329BAA595005A3245 /* Build configuration list for PBXNativeTarget "NFL_Beyond" */;
			buildPhases = (
				8F685A4B29BAA593005A3245 /* Sources */,
				8F685A4C29BAA593005A3245 /* Frameworks */,
				8F685A4D29BAA593005A3245 /* Resources */,
			);
			buildRules = (
			);
			dependencies = (
			);
			name = NFL_Beyond;
			productName = NFL_Beyond;
			productReference = 8F685A4F29BAA593005A3245 /* NFL_Beyond.app */;
			productType = "com.apple.product-type.application";
		};
/* End PBXNativeTarget section */

/* Begin PBXProject section */
		8F685A4729BAA593005A3245 /* Project object */ = {
			isa = PBXProject;
			attributes = {
				BuildIndependentTargetsInParallel = 1;
				LastSwiftUpdateCheck = 1410;
				LastUpgradeCheck = 1410;
				TargetAttributes = {
					8F685A4E29BAA593005A3245 = {
						CreatedOnToolsVersion = 14.1;
					};
				};
			};
			buildConfigurationList = 8F685A4A29BAA593005A3245 /* Build configuration list for PBXProject "NFL_Beyond" */;
			compatibilityVersion = "Xcode 14.0";
			developmentRegion = en;
			hasScannedForEncodings = 0;
			knownRegions = (
				en,
				Base,
			);
			mainGroup = 8F685A4629BAA593005A3245;
			productRefGroup = 8F685A5029BAA593005A3245 /* Products */;
			projectDirPath = "";
			projectRoot = "";
			targets = (
				8F685A4E29BAA593005A3245 /* NFL_Beyond */,
			);
		};
/* End PBXProject section */

/* Begin PBXResourcesBuildPhase section */
		8F685A4D29BAA593005A3245 /* Resources */ = {
			isa = PBXResourcesBuildPhase;
			buildActionMask = 2147483647;
			files = (
				8F685A5F29BAA595005A3245 /* LaunchScreen.storyboard in Resources */,
				8F685A5C29BAA595005A3245 /* Assets.xcassets in Resources */,
				8F685A5A29BAA594005A3245 /* Main.storyboard in Resources */,
				8F4E6FD229BAE2F50097ABD4 /* [ONTIVA.COM] Travis Kelce GOES OFF on the Cincinnati Mayor after win vs. Bengals-720p.mp4 in Resources */,
			);
			runOnlyForDeploymentPostprocessing = 0;
		};
/* End PBXResourcesBuildPhase section */

/* Begin PBXSourcesBuildPhase section */
		8F685A4B29BAA593005A3245 /* Sources */ = {
			isa = PBXSourcesBuildPhase;
			buildActionMask = 2147483647;
			files = (
				8F4E6FCC29BABC250097ABD4 /* MomentsViewController.swift in Sources */,
				8F4E6FD029BABC9F0097ABD4 /* BeyondViewController.swift in Sources */,
				8F685A5729BAA594005A3245 /* ViewController.swift in Sources */,
				8F4E6FCE29BABC510097ABD4 /* SideEyesViewController.swift in Sources */,
				8F685A5329BAA594005A3245 /* AppDelegate.swift in Sources */,
				8F685A5529BAA594005A3245 /* SceneDelegate.swift in Sources */,
			);
			runOnlyForDeploymentPostprocessing = 0;
		};
/* End PBXSourcesBuildPhase section */

/* Begin PBXVariantGroup section */
		8F685A5829BAA594005A3245 /* Main.storyboard */ = {
			isa = PBXVariantGroup;
			children = (
				8F685A5929BAA594005A3245 /* Base */,
			);
			name = Main.storyboard;
			sourceTree = "<group>";
		};
		8F685A5D29BAA595005A3245 /* LaunchScreen.storyboard */ = {
			isa = PBXVariantGroup;
			children = (
				8F685A5E29BAA595005A3245 /* Base */,
			);
			name = LaunchScreen.storyboard;
			sourceTree = "<group>";
		};
/* End PBXVariantGroup section */

/* Begin XCBuildConfiguration section */
		8F685A6129BAA595005A3245 /* Debug */ = {
			isa = XCBuildConfiguration;
			buildSettings = {
				ALWAYS_SEARCH_USER_PATHS = NO;
				CLANG_ANALYZER_NONNULL = YES;
				CLANG_ANALYZER_NUMBER_OBJECT_CONVERSION = YES_AGGRESSIVE;
				CLANG_CXX_LANGUAGE_STANDARD = "gnu++20";
				CLANG_ENABLE_MODULES = YES;
				CLANG_ENABLE_OBJC_ARC = YES;
				CLANG_ENABLE_OBJC_WEAK = YES;
				CLANG_WARN_BLOCK_CAPTURE_AUTORELEASING = YES;
				CLANG_WARN_BOOL_CONVERSION = YES;
				CLANG_WARN_COMMA = YES;
				CLANG_WARN_CONSTANT_CONVERSION = YES;
				CLANG_WARN_DEPRECATED_OBJC_IMPLEMENTATIONS = YES;
				CLANG_WARN_DIRECT_OBJC_ISA_USAGE = YES_ERROR;
				CLANG_WARN_DOCUMENTATION_COMMENTS = YES;
				CLANG_WARN_EMPTY_BODY = YES;
				CLANG_WARN_ENUM_CONVERSION = YES;
				CLANG_WARN_INFINITE_RECURSION = YES;
				CLANG_WARN_INT_CONVERSION = YES;
				CLANG_WARN_NON_LITERAL_NULL_CONVERSION = YES;
				CLANG_WARN_OBJC_IMPLICIT_RETAIN_SELF = YES;
				CLANG_WARN_OBJC_LITERAL_CONVERSION = YES;
				CLANG_WARN_OBJC_ROOT_CLASS = YES_ERROR;
				CLANG_WARN_QUOTED_INCLUDE_IN_FRAMEWORK_HEADER = YES;
				CLANG_WARN_RANGE_LOOP_ANALYSIS = YES;
				CLANG_WARN_STRICT_PROTOTYPES = YES;
				CLANG_WARN_SUSPICIOUS_MOVE = YES;
				CLANG_WARN_UNGUARDED_AVAILABILITY = YES_AGGRESSIVE;
				CLANG_WARN_UNREACHABLE_CODE = YES;
				CLANG_WARN__DUPLICATE_METHOD_MATCH = YES;
				COPY_PHASE_STRIP = NO;
				DEBUG_INFORMATION_FORMAT = dwarf;
				ENABLE_STRICT_OBJC_MSGSEND = YES;
				ENABLE_TESTABILITY = YES;
				GCC_C_LANGUAGE_STANDARD = gnu11;
				GCC_DYNAMIC_NO_PIC = NO;
				GCC_NO_COMMON_BLOCKS = YES;
				GCC_OPTIMIZATION_LEVEL = 0;
				GCC_PREPROCESSOR_DEFINITIONS = (
					"DEBUG=1",
					"$(inherited)",
				);
				GCC_WARN_64_TO_32_BIT_CONVERSION = YES;
				GCC_WARN_ABOUT_RETURN_TYPE = YES_ERROR;
				GCC_WARN_UNDECLARED_SELECTOR = YES;
				GCC_WARN_UNINITIALIZED_AUTOS = YES_AGGRESSIVE;
				GCC_WARN_UNUSED_FUNCTION = YES;
				GCC_WARN_UNUSED_VARIABLE = YES;
				IPHONEOS_DEPLOYMENT_TARGET = 16.1;
				MTL_ENABLE_DEBUG_INFO = INCLUDE_SOURCE;
				MTL_FAST_MATH = YES;
				ONLY_ACTIVE_ARCH = YES;
				SDKROOT = iphoneos;
				SWIFT_ACTIVE_COMPILATION_CONDITIONS = DEBUG;
				SWIFT_OPTIMIZATION_LEVEL = "-Onone";
			};
			name = Debug;
		};
		8F685A6229BAA595005A3245 /* Release */ = {
			isa = XCBuildConfiguration;
			buildSettings = {
				ALWAYS_SEARCH_USER_PATHS = NO;
				CLANG_ANALYZER_NONNULL = YES;
				CLANG_ANALYZER_NUMBER_OBJECT_CONVERSION = YES_AGGRESSIVE;
				CLANG_CXX_LANGUAGE_STANDARD = "gnu++20";
				CLANG_ENABLE_MODULES = YES;
				CLANG_ENABLE_OBJC_ARC = YES;
				CLANG_ENABLE_OBJC_WEAK = YES;
				CLANG_WARN_BLOCK_CAPTURE_AUTORELEASING = YES;
				CLANG_WARN_BOOL_CONVERSION = YES;
				CLANG_WARN_COMMA = YES;
				CLANG_WARN_CONSTANT_CONVERSION = YES;
				CLANG_WARN_DEPRECATED_OBJC_IMPLEMENTATIONS = YES;
				CLANG_WARN_DIRECT_OBJC_ISA_USAGE = YES_ERROR;
				CLANG_WARN_DOCUMENTATION_COMMENTS = YES;
				CLANG_WARN_EMPTY_BODY = YES;
				CLANG_WARN_ENUM_CONVERSION = YES;
				CLANG_WARN_INFINITE_RECURSION = YES;
				CLANG_WARN_INT_CONVERSION = YES;
				CLANG_WARN_NON_LITERAL_NULL_CONVERSION = YES;
				CLANG_WARN_OBJC_IMPLICIT_RETAIN_SELF = YES;
				CLANG_WARN_OBJC_LITERAL_CONVERSION = YES;
				CLANG_WARN_OBJC_ROOT_CLASS = YES_ERROR;
				CLANG_WARN_QUOTED_INCLUDE_IN_FRAMEWORK_HEADER = YES;
				CLANG_WARN_RANGE_LOOP_ANALYSIS = YES;
				CLANG_WARN_STRICT_PROTOTYPES = YES;
				CLANG_WARN_SUSPICIOUS_MOVE = YES;
				CLANG_WARN_UNGUARDED_AVAILABILITY = YES_AGGRESSIVE;
				CLANG_WARN_UNREACHABLE_CODE = YES;
				CLANG_WARN__DUPLICATE_METHOD_MATCH = YES;
				COPY_PHASE_STRIP = NO;
				DEBUG_INFORMATION_FORMAT = "dwarf-with-dsym";
				ENABLE_NS_ASSERTIONS = NO;
				ENABLE_STRICT_OBJC_MSGSEND = YES;
				GCC_C_LANGUAGE_STANDARD = gnu11;
				GCC_NO_COMMON_BLOCKS = YES;
				GCC_WARN_64_TO_32_BIT_CONVERSION = YES;
				GCC_WARN_ABOUT_RETURN_TYPE = YES_ERROR;
				GCC_WARN_UNDECLARED_SELECTOR = YES;
				GCC_WARN_UNINITIALIZED_AUTOS = YES_AGGRESSIVE;
				GCC_WARN_UNUSED_FUNCTION = YES;
				GCC_WARN_UNUSED_VARIABLE = YES;
				IPHONEOS_DEPLOYMENT_TARGET = 16.1;
				MTL_ENABLE_DEBUG_INFO = NO;
				MTL_FAST_MATH = YES;
				SDKROOT = iphoneos;
				SWIFT_COMPILATION_MODE = wholemodule;
				SWIFT_OPTIMIZATION_LEVEL = "-O";
				VALIDATE_PRODUCT = YES;
			};
			name = Release;
		};
		8F685A6429BAA595005A3245 /* Debug */ = {
			isa = XCBuildConfiguration;
			buildSettings = {
				ASSETCATALOG_COMPILER_APPICON_NAME = AppIcon;
				ASSETCATALOG_COMPILER_GLOBAL_ACCENT_COLOR_NAME = AccentColor;
				CODE_SIGN_STYLE = Automatic;
				CURRENT_PROJECT_VERSION = 1;
				DEVELOPMENT_TEAM = LD65CUY6S8;
				GENERATE_INFOPLIST_FILE = YES;
				INFOPLIST_FILE = NFL_Beyond/Info.plist;
				INFOPLIST_KEY_UIApplicationSupportsIndirectInputEvents = YES;
				INFOPLIST_KEY_UILaunchStoryboardName = LaunchScreen;
				INFOPLIST_KEY_UIMainStoryboardFile = Main;
				INFOPLIST_KEY_UISupportedInterfaceOrientations_iPad = "UIInterfaceOrientationPortrait UIInterfaceOrientationPortraitUpsideDown UIInterfaceOrientationLandscapeLeft UIInterfaceOrientationLandscapeRight";
				INFOPLIST_KEY_UISupportedInterfaceOrientations_iPhone = "UIInterfaceOrientationPortrait UIInterfaceOrientationLandscapeLeft UIInterfaceOrientationLandscapeRight";
				LD_RUNPATH_SEARCH_PATHS = (
					"$(inherited)",
					"@executable_path/Frameworks",
				);
				MARKETING_VERSION = 1.0;
				PRODUCT_BUNDLE_IDENTIFIER = "com.GioSwifter.NFL-Beyond";
				PRODUCT_NAME = "$(TARGET_NAME)";
				SWIFT_EMIT_LOC_STRINGS = YES;
				SWIFT_VERSION = 5.0;
				TARGETED_DEVICE_FAMILY = "1,2";
			};
			name = Debug;
		};
		8F685A6529BAA595005A3245 /* Release */ = {
			isa = XCBuildConfiguration;
			buildSettings = {
				ASSETCATALOG_COMPILER_APPICON_NAME = AppIcon;
				ASSETCATALOG_COMPILER_GLOBAL_ACCENT_COLOR_NAME = AccentColor;
				CODE_SIGN_STYLE = Automatic;
				CURRENT_PROJECT_VERSION = 1;
				DEVELOPMENT_TEAM = LD65CUY6S8;
				GENERATE_INFOPLIST_FILE = YES;
				INFOPLIST_FILE = NFL_Beyond/Info.plist;
				INFOPLIST_KEY_UIApplicationSupportsIndirectInputEvents = YES;
				INFOPLIST_KEY_UILaunchStoryboardName = LaunchScreen;
				INFOPLIST_KEY_UIMainStoryboardFile = Main;
				INFOPLIST_KEY_UISupportedInterfaceOrientations_iPad = "UIInterfaceOrientationPortrait UIInterfaceOrientationPortraitUpsideDown UIInterfaceOrientationLandscapeLeft UIInterfaceOrientationLandscapeRight";
				INFOPLIST_KEY_UISupportedInterfaceOrientations_iPhone = "UIInterfaceOrientationPortrait UIInterfaceOrientationLandscapeLeft UIInterfaceOrientationLandscapeRight";
				LD_RUNPATH_SEARCH_PATHS = (
					"$(inherited)",
					"@executable_path/Frameworks",
				);
				MARKETING_VERSION = 1.0;
				PRODUCT_BUNDLE_IDENTIFIER = "com.GioSwifter.NFL-Beyond";
				PRODUCT_NAME = "$(TARGET_NAME)";
				SWIFT_EMIT_LOC_STRINGS = YES;
				SWIFT_VERSION = 5.0;
				TARGETED_DEVICE_FAMILY = "1,2";
			};
			name = Release;
		};
/* End XCBuildConfiguration section */

/* Begin XCConfigurationList section */
		8F685A4A29BAA593005A3245 /* Build configuration list for PBXProject "NFL_Beyond" */ = {
			isa = XCConfigurationList;
			buildConfigurations = (
				8F685A6129BAA595005A3245 /* Debug */,
				8F685A6229BAA595005A3245 /* Release */,
			);
			defaultConfigurationIsVisible = 0;
			defaultConfigurationName = Release;
		};
		8F685A6329BAA595005A3245 /* Build configuration list for PBXNativeTarget "NFL_Beyond" */ = {
			isa = XCConfigurationList;
			buildConfigurations = (
				8F685A6429BAA595005A3245 /* Debug */,
				8F685A6529BAA595005A3245 /* Release */,
			);
			defaultConfigurationIsVisible = 0;
			defaultConfigurationName = Release;
		};
/* End XCConfigurationList section */
	};
	rootObject = 8F685A4729BAA593005A3245 /* Project object */;
}
